
Microsoft Visual Studio Solution File, Format Version 10.00
# Visual Studio 2008
Project("{656346D9-4656-40DA-A068-22D5425D4639}") = "PrismTestHelper", "PrismTestHelper\PrismTestHelper.oxygene", "{71763346-83B8-4676-807A-9D0607607F42}"
EndProject
Global
	GlobalSection(SolutionConfigurationPlatforms) = preSolution
		Debug|Default = Debug|Default
		Release|Default = Release|Default
	EndGlobalSection
	GlobalSection(ProjectConfigurationPlatforms) = postSolution
		{71763346-83B8-4676-807A-9D0607607F42}.Debug|Default.ActiveCfg = Debug
		{71763346-83B8-4676-807A-9D0607607F42}.Debug|Default.Build.0 = Debug
		{71763346-83B8-4676-807A-9D0607607F42}.Release|Default.ActiveCfg = Release
		{71763346-83B8-4676-807A-9D0607607F42}.Release|Default.Build.0 = Release
	EndGlobalSection
	GlobalSection(SolutionProperties) = preSolution
		HideSolutionNode = FALSE
	EndGlobalSection
EndGlobal
